// !$*UTF8*$!
{
	archiveVersion = 1;
	classes = {
	};
	objectVersion = 50;
	objects = {

/* Begin PBXBuildFile section */
		D20EB7CD258C9B08000D2636 /* SpeechRecognizer.swift in Sources */ = {isa = PBXBuildFile; fileRef = D20EB7CC258C9B08000D2636 /* SpeechRecognizer.swift */; };
		D20EB7D1258C9FA9000D2636 /* HistoryView.swift in Sources */ = {isa = PBXBuildFile; fileRef = D20EB7D0258C9FA9000D2636 /* HistoryView.swift */; };
		D228EC46258A050B0036D007 /* StandUpsView.swift in Sources */ = {isa = PBXBuildFile; fileRef = D228EC45258A050B0036D007 /* StandUpsView.swift */; };
		D24C3C1B258A1474007BECAB /* StandUpDetailView.swift in Sources */ = {isa = PBXBuildFile; fileRef = D24C3C1A258A1474007BECAB /* StandUpDetailView.swift */; };
		D24E4CD72589E64E007C8BEE /* DailyStandUp.swift in Sources */ = {isa = PBXBuildFile; fileRef = D24E4CD62589E64E007C8BEE /* DailyStandUp.swift */; };
		D24E4CDE2589E866007C8BEE /* CardView.swift in Sources */ = {isa = PBXBuildFile; fileRef = D24E4CDD2589E866007C8BEE /* CardView.swift */; };
		D266D1DE258B5F50003764AD /* Color+Codable.swift in Sources */ = {isa = PBXBuildFile; fileRef = D266D1DD258B5F50003764AD /* Color+Codable.swift */; };
		D266D1E1258B6050003764AD /* ScrumProgressViewStyle.swift in Sources */ = {isa = PBXBuildFile; fileRef = D266D1E0258B6050003764AD /* ScrumProgressViewStyle.swift */; };
		D266D1E4258B6380003764AD /* ScrumTimer.swift in Sources */ = {isa = PBXBuildFile; fileRef = D266D1E3258B6380003764AD /* ScrumTimer.swift */; };
		D266D1E7258B662B003764AD /* MeetingFooterView.swift in Sources */ = {isa = PBXBuildFile; fileRef = D266D1E6258B662B003764AD /* MeetingFooterView.swift */; };
		D26C543B258A3D7A00FB63D0 /* EditView.swift in Sources */ = {isa = PBXBuildFile; fileRef = D26C543A258A3D7A00FB63D0 /* EditView.swift */; };
		D2A9FF762589DC71008BD7AF /* ZingUpApp.swift in Sources */ = {isa = PBXBuildFile; fileRef = D2A9FF752589DC71008BD7AF /* ZingUpApp.swift */; };
		D2A9FF782589DC71008BD7AF /* MeetingView.swift in Sources */ = {isa = PBXBuildFile; fileRef = D2A9FF772589DC71008BD7AF /* MeetingView.swift */; };
		D2A9FF7A2589DC72008BD7AF /* Assets.xcassets in Resources */ = {isa = PBXBuildFile; fileRef = D2A9FF792589DC72008BD7AF /* Assets.xcassets */; };
		D2A9FF7D2589DC72008BD7AF /* Preview Assets.xcassets in Resources */ = {isa = PBXBuildFile; fileRef = D2A9FF7C2589DC72008BD7AF /* Preview Assets.xcassets */; };
		D2B3BAE2258B4F1E00ACC221 /* MeetingHeaderView.swift in Sources */ = {isa = PBXBuildFile; fileRef = D2B3BAE1258B4F1E00ACC221 /* MeetingHeaderView.swift */; };
		D2C5809B258C741600C94945 /* ScrumData.swift in Sources */ = {isa = PBXBuildFile; fileRef = D2C5809A258C741600C94945 /* ScrumData.swift */; };
		D2C5809E258C7DFA00C94945 /* MeetingTimerView.swift in Sources */ = {isa = PBXBuildFile; fileRef = D2C5809D258C7DFA00C94945 /* MeetingTimerView.swift */; };
		D2D7DDBD258DBA1900BB668C /* EventView.swift in Sources */ = {isa = PBXBuildFile; fileRef = D2D7DDBC258DBA1900BB668C /* EventView.swift */; };
		D2E0763B258B6F9B005770C4 /* AVPlayer+Ding.swift in Sources */ = {isa = PBXBuildFile; fileRef = D2E0763A258B6F9B005770C4 /* AVPlayer+Ding.swift */; };
		D2E0763E258B6FD7005770C4 /* ding.wav in Resources */ = {isa = PBXBuildFile; fileRef = D2E0763D258B6FD7005770C4 /* ding.wav */; };
		D2EB3E87258B959A000A04B6 /* History.swift in Sources */ = {isa = PBXBuildFile; fileRef = D2EB3E86258B959A000A04B6 /* History.swift */; };
/* End PBXBuildFile section */

/* Begin PBXFileReference section */
		D20EB7CC258C9B08000D2636 /* SpeechRecognizer.swift */ = {isa = PBXFileReference; lastKnownFileType = sourcecode.swift; path = SpeechRecognizer.swift; sourceTree = "<group>"; };
		D20EB7D0258C9FA9000D2636 /* HistoryView.swift */ = {isa = PBXFileReference; lastKnownFileType = sourcecode.swift; path = HistoryView.swift; sourceTree = "<group>"; };
		D228EC45258A050B0036D007 /* StandUpsView.swift */ = {isa = PBXFileReference; lastKnownFileType = sourcecode.swift; path = StandUpsView.swift; sourceTree = "<group>"; };
		D24C3C1A258A1474007BECAB /* StandUpDetailView.swift */ = {isa = PBXFileReference; lastKnownFileType = sourcecode.swift; path = StandUpDetailView.swift; sourceTree = "<group>"; };
		D24E4CD62589E64E007C8BEE /* DailyStandUp.swift */ = {isa = PBXFileReference; lastKnownFileType = sourcecode.swift; path = DailyStandUp.swift; sourceTree = "<group>"; };
		D24E4CDD2589E866007C8BEE /* CardView.swift */ = {isa = PBXFileReference; lastKnownFileType = sourcecode.swift; path = CardView.swift; sourceTree = "<group>"; };
		D266D1DD258B5F50003764AD /* Color+Codable.swift */ = {isa = PBXFileReference; lastKnownFileType = sourcecode.swift; path = "Color+Codable.swift"; sourceTree = "<group>"; };
		D266D1E0258B6050003764AD /* ScrumProgressViewStyle.swift */ = {isa = PBXFileReference; lastKnownFileType = sourcecode.swift; path = ScrumProgressViewStyle.swift; sourceTree = "<group>"; };
		D266D1E3258B6380003764AD /* ScrumTimer.swift */ = {isa = PBXFileReference; lastKnownFileType = sourcecode.swift; path = ScrumTimer.swift; sourceTree = "<group>"; };
		D266D1E6258B662B003764AD /* MeetingFooterView.swift */ = {isa = PBXFileReference; lastKnownFileType = sourcecode.swift; path = MeetingFooterView.swift; sourceTree = "<group>"; };
		D26C543A258A3D7A00FB63D0 /* EditView.swift */ = {isa = PBXFileReference; lastKnownFileType = sourcecode.swift; path = EditView.swift; sourceTree = "<group>"; };
		D2A9FF722589DC71008BD7AF /* ZingUp.app */ = {isa = PBXFileReference; explicitFileType = wrapper.application; includeInIndex = 0; path = ZingUp.app; sourceTree = BUILT_PRODUCTS_DIR; };
		D2A9FF752589DC71008BD7AF /* ZingUpApp.swift */ = {isa = PBXFileReference; lastKnownFileType = sourcecode.swift; path = ZingUpApp.swift; sourceTree = "<group>"; };
		D2A9FF772589DC71008BD7AF /* MeetingView.swift */ = {isa = PBXFileReference; lastKnownFileType = sourcecode.swift; path = MeetingView.swift; sourceTree = "<group>"; };
		D2A9FF792589DC72008BD7AF /* Assets.xcassets */ = {isa = PBXFileReference; lastKnownFileType = folder.assetcatalog; path = Assets.xcassets; sourceTree = "<group>"; };
		D2A9FF7C2589DC72008BD7AF /* Preview Assets.xcassets */ = {isa = PBXFileReference; lastKnownFileType = folder.assetcatalog; path = "Preview Assets.xcassets"; sourceTree = "<group>"; };
		D2A9FF7E2589DC72008BD7AF /* Info.plist */ = {isa = PBXFileReference; lastKnownFileType = text.plist.xml; path = Info.plist; sourceTree = "<group>"; };
		D2B3BAE1258B4F1E00ACC221 /* MeetingHeaderView.swift */ = {isa = PBXFileReference; lastKnownFileType = sourcecode.swift; path = MeetingHeaderView.swift; sourceTree = "<group>"; };
		D2C5809A258C741600C94945 /* ScrumData.swift */ = {isa = PBXFileReference; lastKnownFileType = sourcecode.swift; path = ScrumData.swift; sourceTree = "<group>"; };
		D2C5809D258C7DFA00C94945 /* MeetingTimerView.swift */ = {isa = PBXFileReference; lastKnownFileType = sourcecode.swift; path = MeetingTimerView.swift; sourceTree = "<group>"; };
		D2D7DDBC258DBA1900BB668C /* EventView.swift */ = {isa = PBXFileReference; lastKnownFileType = sourcecode.swift; path = EventView.swift; sourceTree = "<group>"; };
		D2E0763A258B6F9B005770C4 /* AVPlayer+Ding.swift */ = {isa = PBXFileReference; lastKnownFileType = sourcecode.swift; path = "AVPlayer+Ding.swift"; sourceTree = "<group>"; };
		D2E0763D258B6FD7005770C4 /* ding.wav */ = {isa = PBXFileReference; lastKnownFileType = audio.wav; path = ding.wav; sourceTree = "<group>"; };
		D2EB3E86258B959A000A04B6 /* History.swift */ = {isa = PBXFileReference; lastKnownFileType = sourcecode.swift; path = History.swift; sourceTree = "<group>"; };
/* End PBXFileReference section */

/* Begin PBXFrameworksBuildPhase section */
		D2A9FF6F2589DC71008BD7AF /* Frameworks */ = {
			isa = PBXFrameworksBuildPhase;
			buildActionMask = 2147483647;
			files = (
			);
			runOnlyForDeploymentPostprocessing = 0;
		};
/* End PBXFrameworksBuildPhase section */

/* Begin PBXGroup section */
		D2A9FF692589DC71008BD7AF = {
			isa = PBXGroup;
			children = (
				D2A9FF742589DC71008BD7AF /* ZingUp */,
				D2A9FF732589DC71008BD7AF /* Products */,
			);
			sourceTree = "<group>";
		};
		D2A9FF732589DC71008BD7AF /* Products */ = {
			isa = PBXGroup;
			children = (
				D2A9FF722589DC71008BD7AF /* ZingUp.app */,
			);
			name = Products;
			sourceTree = "<group>";
		};
		D2A9FF742589DC71008BD7AF /* ZingUp */ = {
			isa = PBXGroup;
			children = (
				D2A9FF752589DC71008BD7AF /* ZingUpApp.swift */,
				D2A9FF792589DC72008BD7AF /* Assets.xcassets */,
				D2A9FF7E2589DC72008BD7AF /* Info.plist */,
				D2A9FF7B2589DC72008BD7AF /* Preview Content */,
				D24E4CDD2589E866007C8BEE /* CardView.swift */,
				D228EC45258A050B0036D007 /* StandUpsView.swift */,
				D24C3C1A258A1474007BECAB /* StandUpDetailView.swift */,
				D26C543A258A3D7A00FB63D0 /* EditView.swift */,
				D2A9FF772589DC71008BD7AF /* MeetingView.swift */,
				D2C5809D258C7DFA00C94945 /* MeetingTimerView.swift */,
				D2B3BAE1258B4F1E00ACC221 /* MeetingHeaderView.swift */,
				D266D1E0258B6050003764AD /* ScrumProgressViewStyle.swift */,
				D266D1E6258B662B003764AD /* MeetingFooterView.swift */,
				D20EB7D0258C9FA9000D2636 /* HistoryView.swift */,
				D2D7DDBC258DBA1900BB668C /* EventView.swift */,
				D2C58099258C73C600C94945 /* Models */,
				D2E07640258B6FE9005770C4 /* Resources */,
			);
			path = ZingUp;
			sourceTree = "<group>";
		};
		D2A9FF7B2589DC72008BD7AF /* Preview Content */ = {
			isa = PBXGroup;
			children = (
				D2A9FF7C2589DC72008BD7AF /* Preview Assets.xcassets */,
			);
			path = "Preview Content";
			sourceTree = "<group>";
		};
		D2C58099258C73C600C94945 /* Models */ = {
			isa = PBXGroup;
			children = (
				D2E0763A258B6F9B005770C4 /* AVPlayer+Ding.swift */,
				D266D1DD258B5F50003764AD /* Color+Codable.swift */,
				D24E4CD62589E64E007C8BEE /* DailyStandUp.swift */,
				D266D1E3258B6380003764AD /* ScrumTimer.swift */,
				D2EB3E86258B959A000A04B6 /* History.swift */,
				D2C5809A258C741600C94945 /* ScrumData.swift */,
				D20EB7CC258C9B08000D2636 /* SpeechRecognizer.swift */,
			);
			path = Models;
			sourceTree = "<group>";
		};
		D2E07640258B6FE9005770C4 /* Resources */ = {
			isa = PBXGroup;
			children = (
				D2E0763D258B6FD7005770C4 /* ding.wav */,
			);
			path = Resources;
			sourceTree = "<group>";
		};
/* End PBXGroup section */

/* Begin PBXNativeTarget section */
		D2A9FF712589DC71008BD7AF /* ZingUp */ = {
			isa = PBXNativeTarget;
			buildConfigurationList = D2A9FF812589DC72008BD7AF /* Build configuration list for PBXNativeTarget "ZingUp" */;
			buildPhases = (
				D2A9FF6E2589DC71008BD7AF /* Sources */,
				D2A9FF6F2589DC71008BD7AF /* Frameworks */,
				D2A9FF702589DC71008BD7AF /* Resources */,
			);
			buildRules = (
			);
			dependencies = (
			);
			name = ZingUp;
			packageProductDependencies = (
			);
			productName = ZingUp;
			productReference = D2A9FF722589DC71008BD7AF /* ZingUp.app */;
			productType = "com.apple.product-type.application";
		};
/* End PBXNativeTarget section */

/* Begin PBXProject section */
		D2A9FF6A2589DC71008BD7AF /* Project object */ = {
			isa = PBXProject;
			attributes = {
				LastSwiftUpdateCheck = 1220;
				LastUpgradeCheck = 1220;
				TargetAttributes = {
					D2A9FF712589DC71008BD7AF = {
						CreatedOnToolsVersion = 12.2;
					};
				};
			};
			buildConfigurationList = D2A9FF6D2589DC71008BD7AF /* Build configuration list for PBXProject "ZingUp" */;
			compatibilityVersion = "Xcode 9.3";
			developmentRegion = en;
			hasScannedForEncodings = 0;
			knownRegions = (
				en,
				Base,
			);
			mainGroup = D2A9FF692589DC71008BD7AF;
			packageReferences = (
			);
			productRefGroup = D2A9FF732589DC71008BD7AF /* Products */;
			projectDirPath = "";
			projectRoot = "";
			targets = (
				D2A9FF712589DC71008BD7AF /* ZingUp */,
			);
		};
/* End PBXProject section */

/* Begin PBXResourcesBuildPhase section */
		D2A9FF702589DC71008BD7AF /* Resources */ = {
			isa = PBXResourcesBuildPhase;
			buildActionMask = 2147483647;
			files = (
				D2E0763E258B6FD7005770C4 /* ding.wav in Resources */,
				D2A9FF7D2589DC72008BD7AF /* Preview Assets.xcassets in Resources */,
				D2A9FF7A2589DC72008BD7AF /* Assets.xcassets in Resources */,
			);
			runOnlyForDeploymentPostprocessing = 0;
		};
/* End PBXResourcesBuildPhase section */

/* Begin PBXSourcesBuildPhase section */
		D2A9FF6E2589DC71008BD7AF /* Sources */ = {
			isa = PBXSourcesBuildPhase;
			buildActionMask = 2147483647;
			files = (
				D2A9FF782589DC71008BD7AF /* MeetingView.swift in Sources */,
				D228EC46258A050B0036D007 /* StandUpsView.swift in Sources */,
				D2EB3E87258B959A000A04B6 /* History.swift in Sources */,
				D20EB7CD258C9B08000D2636 /* SpeechRecognizer.swift in Sources */,
				D2D7DDBD258DBA1900BB668C /* EventView.swift in Sources */,
				D24E4CD72589E64E007C8BEE /* DailyStandUp.swift in Sources */,
				D2E0763B258B6F9B005770C4 /* AVPlayer+Ding.swift in Sources */,
				D2C5809B258C741600C94945 /* ScrumData.swift in Sources */,
				D20EB7D1258C9FA9000D2636 /* HistoryView.swift in Sources */,
				D2C5809E258C7DFA00C94945 /* MeetingTimerView.swift in Sources */,
				D24C3C1B258A1474007BECAB /* StandUpDetailView.swift in Sources */,
				D26C543B258A3D7A00FB63D0 /* EditView.swift in Sources */,
				D266D1E7258B662B003764AD /* MeetingFooterView.swift in Sources */,
				D24E4CDE2589E866007C8BEE /* CardView.swift in Sources */,
				D266D1E4258B6380003764AD /* ScrumTimer.swift in Sources */,
				D2A9FF762589DC71008BD7AF /* ZingUpApp.swift in Sources */,
				D266D1DE258B5F50003764AD /* Color+Codable.swift in Sources */,
				D266D1E1258B6050003764AD /* ScrumProgressViewStyle.swift in Sources */,
				D2B3BAE2258B4F1E00ACC221 /* MeetingHeaderView.swift in Sources */,
			);
			runOnlyForDeploymentPostprocessing = 0;
		};
/* End PBXSourcesBuildPhase section */

/* Begin XCBuildConfiguration section */
		D2A9FF7F2589DC72008BD7AF /* Debug */ = {
			isa = XCBuildConfiguration;
			buildSettings = {
				ALWAYS_SEARCH_USER_PATHS = NO;
				CLANG_ANALYZER_NONNULL = YES;
				CLANG_ANALYZER_NUMBER_OBJECT_CONVERSION = YES_AGGRESSIVE;
				CLANG_CXX_LANGUAGE_STANDARD = "gnu++14";
				CLANG_CXX_LIBRARY = "libc++";
				CLANG_ENABLE_MODULES = YES;
				CLANG_ENABLE_OBJC_ARC = YES;
				CLANG_ENABLE_OBJC_WEAK = YES;
				CLANG_WARN_BLOCK_CAPTURE_AUTORELEASING = YES;
				CLANG_WARN_BOOL_CONVERSION = YES;
				CLANG_WARN_COMMA = YES;
				CLANG_WARN_CONSTANT_CONVERSION = YES;
				CLANG_WARN_DEPRECATED_OBJC_IMPLEMENTATIONS = YES;
				CLANG_WARN_DIRECT_OBJC_ISA_USAGE = YES_ERROR;
				CLANG_WARN_DOCUMENTATION_COMMENTS = YES;
				CLANG_WARN_EMPTY_BODY = YES;
				CLANG_WARN_ENUM_CONVERSION = YES;
				CLANG_WARN_INFINITE_RECURSION = YES;
				CLANG_WARN_INT_CONVERSION = YES;
				CLANG_WARN_NON_LITERAL_NULL_CONVERSION = YES;
				CLANG_WARN_OBJC_IMPLICIT_RETAIN_SELF = YES;
				CLANG_WARN_OBJC_LITERAL_CONVERSION = YES;
				CLANG_WARN_OBJC_ROOT_CLASS = YES_ERROR;
				CLANG_WARN_QUOTED_INCLUDE_IN_FRAMEWORK_HEADER = YES;
				CLANG_WARN_RANGE_LOOP_ANALYSIS = YES;
				CLANG_WARN_STRICT_PROTOTYPES = YES;
				CLANG_WARN_SUSPICIOUS_MOVE = YES;
				CLANG_WARN_UNGUARDED_AVAILABILITY = YES_AGGRESSIVE;
				CLANG_WARN_UNREACHABLE_CODE = YES;
				CLANG_WARN__DUPLICATE_METHOD_MATCH = YES;
				COPY_PHASE_STRIP = NO;
				DEBUG_INFORMATION_FORMAT = dwarf;
				ENABLE_STRICT_OBJC_MSGSEND = YES;
				ENABLE_TESTABILITY = YES;
				GCC_C_LANGUAGE_STANDARD = gnu11;
				GCC_DYNAMIC_NO_PIC = NO;
				GCC_NO_COMMON_BLOCKS = YES;
				GCC_OPTIMIZATION_LEVEL = 0;
				GCC_PREPROCESSOR_DEFINITIONS = (
					"DEBUG=1",
					"$(inherited)",
				);
				GCC_WARN_64_TO_32_BIT_CONVERSION = YES;
				GCC_WARN_ABOUT_RETURN_TYPE = YES_ERROR;
				GCC_WARN_UNDECLARED_SELECTOR = YES;
				GCC_WARN_UNINITIALIZED_AUTOS = YES_AGGRESSIVE;
				GCC_WARN_UNUSED_FUNCTION = YES;
				GCC_WARN_UNUSED_VARIABLE = YES;
				IPHONEOS_DEPLOYMENT_TARGET = 14.2;
				MTL_ENABLE_DEBUG_INFO = INCLUDE_SOURCE;
				MTL_FAST_MATH = YES;
				ONLY_ACTIVE_ARCH = YES;
				SDKROOT = iphoneos;
				SWIFT_ACTIVE_COMPILATION_CONDITIONS = DEBUG;
				SWIFT_OPTIMIZATION_LEVEL = "-Onone";
			};
			name = Debug;
		};
		D2A9FF802589DC72008BD7AF /* Release */ = {
			isa = XCBuildConfiguration;
			buildSettings = {
				ALWAYS_SEARCH_USER_PATHS = NO;
				CLANG_ANALYZER_NONNULL = YES;
				CLANG_ANALYZER_NUMBER_OBJECT_CONVERSION = YES_AGGRESSIVE;
				CLANG_CXX_LANGUAGE_STANDARD = "gnu++14";
				CLANG_CXX_LIBRARY = "libc++";
				CLANG_ENABLE_MODULES = YES;
				CLANG_ENABLE_OBJC_ARC = YES;
				CLANG_ENABLE_OBJC_WEAK = YES;
				CLANG_WARN_BLOCK_CAPTURE_AUTORELEASING = YES;
				CLANG_WARN_BOOL_CONVERSION = YES;
				CLANG_WARN_COMMA = YES;
				CLANG_WARN_CONSTANT_CONVERSION = YES;
				CLANG_WARN_DEPRECATED_OBJC_IMPLEMENTATIONS = YES;
				CLANG_WARN_DIRECT_OBJC_ISA_USAGE = YES_ERROR;
				CLANG_WARN_DOCUMENTATION_COMMENTS = YES;
				CLANG_WARN_EMPTY_BODY = YES;
				CLANG_WARN_ENUM_CONVERSION = YES;
				CLANG_WARN_INFINITE_RECURSION = YES;
				CLANG_WARN_INT_CONVERSION = YES;
				CLANG_WARN_NON_LITERAL_NULL_CONVERSION = YES;
				CLANG_WARN_OBJC_IMPLICIT_RETAIN_SELF = YES;
				CLANG_WARN_OBJC_LITERAL_CONVERSION = YES;
				CLANG_WARN_OBJC_ROOT_CLASS = YES_ERROR;
				CLANG_WARN_QUOTED_INCLUDE_IN_FRAMEWORK_HEADER = YES;
				CLANG_WARN_RANGE_LOOP_ANALYSIS = YES;
				CLANG_WARN_STRICT_PROTOTYPES = YES;
				CLANG_WARN_SUSPICIOUS_MOVE = YES;
				CLANG_WARN_UNGUARDED_AVAILABILITY = YES_AGGRESSIVE;
				CLANG_WARN_UNREACHABLE_CODE = YES;
				CLANG_WARN__DUPLICATE_METHOD_MATCH = YES;
				COPY_PHASE_STRIP = NO;
				DEBUG_INFORMATION_FORMAT = "dwarf-with-dsym";
				ENABLE_NS_ASSERTIONS = NO;
				ENABLE_STRICT_OBJC_MSGSEND = YES;
				GCC_C_LANGUAGE_STANDARD = gnu11;
				GCC_NO_COMMON_BLOCKS = YES;
				GCC_WARN_64_TO_32_BIT_CONVERSION = YES;
				GCC_WARN_ABOUT_RETURN_TYPE = YES_ERROR;
				GCC_WARN_UNDECLARED_SELECTOR = YES;
				GCC_WARN_UNINITIALIZED_AUTOS = YES_AGGRESSIVE;
				GCC_WARN_UNUSED_FUNCTION = YES;
				GCC_WARN_UNUSED_VARIABLE = YES;
				IPHONEOS_DEPLOYMENT_TARGET = 14.2;
				MTL_ENABLE_DEBUG_INFO = NO;
				MTL_FAST_MATH = YES;
				SDKROOT = iphoneos;
				SWIFT_COMPILATION_MODE = wholemodule;
				SWIFT_OPTIMIZATION_LEVEL = "-O";
				VALIDATE_PRODUCT = YES;
			};
			name = Release;
		};
		D2A9FF822589DC72008BD7AF /* Debug */ = {
			isa = XCBuildConfiguration;
			buildSettings = {
				ASSETCATALOG_COMPILER_APPICON_NAME = AppIcon;
				ASSETCATALOG_COMPILER_GLOBAL_ACCENT_COLOR_NAME = AccentColor;
				CODE_SIGN_STYLE = Automatic;
				DEVELOPMENT_ASSET_PATHS = "\"ZingUp/Preview Content\"";
				DEVELOPMENT_TEAM = Q7KJCMM3NN;
				ENABLE_PREVIEWS = YES;
				INFOPLIST_FILE = ZingUp/Info.plist;
				IPHONEOS_DEPLOYMENT_TARGET = 14.0;
				LD_RUNPATH_SEARCH_PATHS = (
					"$(inherited)",
					"@executable_path/Frameworks",
				);
				PRODUCT_BUNDLE_IDENTIFIER = com.scott.ZingUp;
				PRODUCT_NAME = "$(TARGET_NAME)";
				SWIFT_VERSION = 5.0;
				TARGETED_DEVICE_FAMILY = "1,2";
			};
			name = Debug;
		};
		D2A9FF832589DC72008BD7AF /* Release */ = {
			isa = XCBuildConfiguration;
			buildSettings = {
				ASSETCATALOG_COMPILER_APPICON_NAME = AppIcon;
				ASSETCATALOG_COMPILER_GLOBAL_ACCENT_COLOR_NAME = AccentColor;
				CODE_SIGN_STYLE = Automatic;
				DEVELOPMENT_ASSET_PATHS = "\"ZingUp/Preview Content\"";
				DEVELOPMENT_TEAM = Q7KJCMM3NN;
				ENABLE_PREVIEWS = YES;
				INFOPLIST_FILE = ZingUp/Info.plist;
				IPHONEOS_DEPLOYMENT_TARGET = 14.0;
				LD_RUNPATH_SEARCH_PATHS = (
					"$(inherited)",
					"@executable_path/Frameworks",
				);
				PRODUCT_BUNDLE_IDENTIFIER = com.scott.ZingUp;
				PRODUCT_NAME = "$(TARGET_NAME)";
				SWIFT_VERSION = 5.0;
				TARGETED_DEVICE_FAMILY = "1,2";
			};
			name = Release;
		};
/* End XCBuildConfiguration section */

/* Begin XCConfigurationList section */
		D2A9FF6D2589DC71008BD7AF /* Build configuration list for PBXProject "ZingUp" */ = {
			isa = XCConfigurationList;
			buildConfigurations = (
				D2A9FF7F2589DC72008BD7AF /* Debug */,
				D2A9FF802589DC72008BD7AF /* Release */,
			);
			defaultConfigurationIsVisible = 0;
			defaultConfigurationName = Release;
		};
		D2A9FF812589DC72008BD7AF /* Build configuration list for PBXNativeTarget "ZingUp" */ = {
			isa = XCConfigurationList;
			buildConfigurations = (
				D2A9FF822589DC72008BD7AF /* Debug */,
				D2A9FF832589DC72008BD7AF /* Release */,
			);
			defaultConfigurationIsVisible = 0;
			defaultConfigurationName = Release;
		};
/* End XCConfigurationList section */
	};
	rootObject = D2A9FF6A2589DC71008BD7AF /* Project object */;
}
